// !$*UTF8*$!
{
	archiveVersion = 1;
	classes = {
	};
	objectVersion = 46;
	objects = {

/* Begin PBXBuildFile section */
		093C79501F3F3ACF004B60D6 /* GroupsViewController.swift in Sources */ = {isa = PBXBuildFile; fileRef = 093C794F1F3F3ACF004B60D6 /* GroupsViewController.swift */; };
		093C79521F3F3AEA004B60D6 /* GroupChatViewController.swift in Sources */ = {isa = PBXBuildFile; fileRef = 093C79511F3F3AEA004B60D6 /* GroupChatViewController.swift */; };
		09516D031F4227F100E2DCD6 /* Groups.swift in Sources */ = {isa = PBXBuildFile; fileRef = 09516D021F4227F100E2DCD6 /* Groups.swift */; };
		15938C51C4F43D7E6DAE18F2 /* Pods_FirebaseChatAppTests.framework in Frameworks */ = {isa = PBXBuildFile; fileRef = 46030BAFADFF5CBFAAFE2DD2 /* Pods_FirebaseChatAppTests.framework */; };
		50C05F3D1D1BF798CD020FAA /* Pods_FirebaseChatApp.framework in Frameworks */ = {isa = PBXBuildFile; fileRef = 6400EDCFCFF180EFD940AD91 /* Pods_FirebaseChatApp.framework */; };
		618395793D1A420A707399BB /* Pods_FirebaseChatAppUITests.framework in Frameworks */ = {isa = PBXBuildFile; fileRef = 0C03B11D171973A273D65E52 /* Pods_FirebaseChatAppUITests.framework */; };
		84094A821F347B59003393C5 /* GoogleService-Info.plist in Resources */ = {isa = PBXBuildFile; fileRef = 84094A811F347B59003393C5 /* GoogleService-Info.plist */; };
		84094A851F347C36003393C5 /* Validator.swift in Sources */ = {isa = PBXBuildFile; fileRef = 84094A831F347C36003393C5 /* Validator.swift */; };
		84094A861F347C36003393C5 /* UnderlinedTextField.swift in Sources */ = {isa = PBXBuildFile; fileRef = 84094A841F347C36003393C5 /* UnderlinedTextField.swift */; };
		840A78651F33428F00A65AA5 /* AppDelegate.swift in Sources */ = {isa = PBXBuildFile; fileRef = 840A78641F33428F00A65AA5 /* AppDelegate.swift */; };
		840A786A1F33428F00A65AA5 /* Main.storyboard in Resources */ = {isa = PBXBuildFile; fileRef = 840A78681F33428F00A65AA5 /* Main.storyboard */; };
		840A786C1F33428F00A65AA5 /* Assets.xcassets in Resources */ = {isa = PBXBuildFile; fileRef = 840A786B1F33428F00A65AA5 /* Assets.xcassets */; };
		840A786F1F33428F00A65AA5 /* LaunchScreen.storyboard in Resources */ = {isa = PBXBuildFile; fileRef = 840A786D1F33428F00A65AA5 /* LaunchScreen.storyboard */; };
		840A787A1F33428F00A65AA5 /* FirebaseChatAppTests.swift in Sources */ = {isa = PBXBuildFile; fileRef = 840A78791F33428F00A65AA5 /* FirebaseChatAppTests.swift */; };
		840A78851F33428F00A65AA5 /* FirebaseChatAppUITests.swift in Sources */ = {isa = PBXBuildFile; fileRef = 840A78841F33428F00A65AA5 /* FirebaseChatAppUITests.swift */; };
		840A78931F33473400A65AA5 /* SignInViewController.swift in Sources */ = {isa = PBXBuildFile; fileRef = 840A78921F33473400A65AA5 /* SignInViewController.swift */; };
		840A78951F334AEA00A65AA5 /* SignUpViewController.swift in Sources */ = {isa = PBXBuildFile; fileRef = 840A78941F334AEA00A65AA5 /* SignUpViewController.swift */; };
		840A78971F334DBE00A65AA5 /* ContactsViewController.swift in Sources */ = {isa = PBXBuildFile; fileRef = 840A78961F334DBE00A65AA5 /* ContactsViewController.swift */; };
		843E7D4F1F35C00500B06413 /* ContactsTableViewCell.swift in Sources */ = {isa = PBXBuildFile; fileRef = 843E7D4E1F35C00500B06413 /* ContactsTableViewCell.swift */; };
		843E7D511F35C02000B06413 /* Contacts.swift in Sources */ = {isa = PBXBuildFile; fileRef = 843E7D501F35C02000B06413 /* Contacts.swift */; };
		843E7D531F35DA6400B06413 /* ChatViewController.swift in Sources */ = {isa = PBXBuildFile; fileRef = 843E7D521F35DA6400B06413 /* ChatViewController.swift */; };
/* End PBXBuildFile section */

/* Begin PBXContainerItemProxy section */
		840A78761F33428F00A65AA5 /* PBXContainerItemProxy */ = {
			isa = PBXContainerItemProxy;
			containerPortal = 840A78591F33428E00A65AA5 /* Project object */;
			proxyType = 1;
			remoteGlobalIDString = 840A78601F33428E00A65AA5;
			remoteInfo = FirebaseChatApp;
		};
		840A78811F33428F00A65AA5 /* PBXContainerItemProxy */ = {
			isa = PBXContainerItemProxy;
			containerPortal = 840A78591F33428E00A65AA5 /* Project object */;
			proxyType = 1;
			remoteGlobalIDString = 840A78601F33428E00A65AA5;
			remoteInfo = FirebaseChatApp;
		};
/* End PBXContainerItemProxy section */

/* Begin PBXFileReference section */
		093C794F1F3F3ACF004B60D6 /* GroupsViewController.swift */ = {isa = PBXFileReference; fileEncoding = 4; lastKnownFileType = sourcecode.swift; path = GroupsViewController.swift; sourceTree = "<group>"; };
		093C79511F3F3AEA004B60D6 /* GroupChatViewController.swift */ = {isa = PBXFileReference; fileEncoding = 4; lastKnownFileType = sourcecode.swift; path = GroupChatViewController.swift; sourceTree = "<group>"; };
		09516D021F4227F100E2DCD6 /* Groups.swift */ = {isa = PBXFileReference; fileEncoding = 4; lastKnownFileType = sourcecode.swift; path = Groups.swift; sourceTree = "<group>"; };
		0C03B11D171973A273D65E52 /* Pods_FirebaseChatAppUITests.framework */ = {isa = PBXFileReference; explicitFileType = wrapper.framework; includeInIndex = 0; path = Pods_FirebaseChatAppUITests.framework; sourceTree = BUILT_PRODUCTS_DIR; };
		128FB509E61F32CA6E6F70B3 /* Pods-FirebaseChatAppTests.release.xcconfig */ = {isa = PBXFileReference; includeInIndex = 1; lastKnownFileType = text.xcconfig; name = "Pods-FirebaseChatAppTests.release.xcconfig"; path = "Pods/Target Support Files/Pods-FirebaseChatAppTests/Pods-FirebaseChatAppTests.release.xcconfig"; sourceTree = "<group>"; };
		13427F9B30A34406E86AD0C4 /* Pods-FirebaseChatApp.debug.xcconfig */ = {isa = PBXFileReference; includeInIndex = 1; lastKnownFileType = text.xcconfig; name = "Pods-FirebaseChatApp.debug.xcconfig"; path = "Pods/Target Support Files/Pods-FirebaseChatApp/Pods-FirebaseChatApp.debug.xcconfig"; sourceTree = "<group>"; };
		2A184E4CC7AB291D08634D54 /* Pods-FirebaseChatAppUITests.debug.xcconfig */ = {isa = PBXFileReference; includeInIndex = 1; lastKnownFileType = text.xcconfig; name = "Pods-FirebaseChatAppUITests.debug.xcconfig"; path = "Pods/Target Support Files/Pods-FirebaseChatAppUITests/Pods-FirebaseChatAppUITests.debug.xcconfig"; sourceTree = "<group>"; };
		3A0673AE09FCA19E8CB0F777 /* Pods-FirebaseChatAppUITests.release.xcconfig */ = {isa = PBXFileReference; includeInIndex = 1; lastKnownFileType = text.xcconfig; name = "Pods-FirebaseChatAppUITests.release.xcconfig"; path = "Pods/Target Support Files/Pods-FirebaseChatAppUITests/Pods-FirebaseChatAppUITests.release.xcconfig"; sourceTree = "<group>"; };
		46030BAFADFF5CBFAAFE2DD2 /* Pods_FirebaseChatAppTests.framework */ = {isa = PBXFileReference; explicitFileType = wrapper.framework; includeInIndex = 0; path = Pods_FirebaseChatAppTests.framework; sourceTree = BUILT_PRODUCTS_DIR; };
		6400EDCFCFF180EFD940AD91 /* Pods_FirebaseChatApp.framework */ = {isa = PBXFileReference; explicitFileType = wrapper.framework; includeInIndex = 0; path = Pods_FirebaseChatApp.framework; sourceTree = BUILT_PRODUCTS_DIR; };
		84094A811F347B59003393C5 /* GoogleService-Info.plist */ = {isa = PBXFileReference; fileEncoding = 4; lastKnownFileType = text.plist.xml; path = "GoogleService-Info.plist"; sourceTree = "<group>"; };
		84094A831F347C36003393C5 /* Validator.swift */ = {isa = PBXFileReference; fileEncoding = 4; lastKnownFileType = sourcecode.swift; path = Validator.swift; sourceTree = "<group>"; };
		84094A841F347C36003393C5 /* UnderlinedTextField.swift */ = {isa = PBXFileReference; fileEncoding = 4; lastKnownFileType = sourcecode.swift; path = UnderlinedTextField.swift; sourceTree = "<group>"; };
		840A78611F33428E00A65AA5 /* FirebaseChatApp.app */ = {isa = PBXFileReference; explicitFileType = wrapper.application; includeInIndex = 0; path = FirebaseChatApp.app; sourceTree = BUILT_PRODUCTS_DIR; };
		840A78641F33428F00A65AA5 /* AppDelegate.swift */ = {isa = PBXFileReference; lastKnownFileType = sourcecode.swift; path = AppDelegate.swift; sourceTree = "<group>"; };
		840A78691F33428F00A65AA5 /* Base */ = {isa = PBXFileReference; lastKnownFileType = file.storyboard; name = Base; path = Base.lproj/Main.storyboard; sourceTree = "<group>"; };
		840A786B1F33428F00A65AA5 /* Assets.xcassets */ = {isa = PBXFileReference; lastKnownFileType = folder.assetcatalog; path = Assets.xcassets; sourceTree = "<group>"; };
		840A786E1F33428F00A65AA5 /* Base */ = {isa = PBXFileReference; lastKnownFileType = file.storyboard; name = Base; path = Base.lproj/LaunchScreen.storyboard; sourceTree = "<group>"; };
		840A78701F33428F00A65AA5 /* Info.plist */ = {isa = PBXFileReference; lastKnownFileType = text.plist.xml; path = Info.plist; sourceTree = "<group>"; };
		840A78751F33428F00A65AA5 /* FirebaseChatAppTests.xctest */ = {isa = PBXFileReference; explicitFileType = wrapper.cfbundle; includeInIndex = 0; path = FirebaseChatAppTests.xctest; sourceTree = BUILT_PRODUCTS_DIR; };
		840A78791F33428F00A65AA5 /* FirebaseChatAppTests.swift */ = {isa = PBXFileReference; lastKnownFileType = sourcecode.swift; path = FirebaseChatAppTests.swift; sourceTree = "<group>"; };
		840A787B1F33428F00A65AA5 /* Info.plist */ = {isa = PBXFileReference; lastKnownFileType = text.plist.xml; path = Info.plist; sourceTree = "<group>"; };
		840A78801F33428F00A65AA5 /* FirebaseChatAppUITests.xctest */ = {isa = PBXFileReference; explicitFileType = wrapper.cfbundle; includeInIndex = 0; path = FirebaseChatAppUITests.xctest; sourceTree = BUILT_PRODUCTS_DIR; };
		840A78841F33428F00A65AA5 /* FirebaseChatAppUITests.swift */ = {isa = PBXFileReference; lastKnownFileType = sourcecode.swift; path = FirebaseChatAppUITests.swift; sourceTree = "<group>"; };
		840A78861F33429000A65AA5 /* Info.plist */ = {isa = PBXFileReference; lastKnownFileType = text.plist.xml; path = Info.plist; sourceTree = "<group>"; };
		840A78921F33473400A65AA5 /* SignInViewController.swift */ = {isa = PBXFileReference; fileEncoding = 4; lastKnownFileType = sourcecode.swift; path = SignInViewController.swift; sourceTree = "<group>"; };
		840A78941F334AEA00A65AA5 /* SignUpViewController.swift */ = {isa = PBXFileReference; fileEncoding = 4; lastKnownFileType = sourcecode.swift; path = SignUpViewController.swift; sourceTree = "<group>"; };
		840A78961F334DBE00A65AA5 /* ContactsViewController.swift */ = {isa = PBXFileReference; fileEncoding = 4; lastKnownFileType = sourcecode.swift; path = ContactsViewController.swift; sourceTree = "<group>"; };
		843E7D4E1F35C00500B06413 /* ContactsTableViewCell.swift */ = {isa = PBXFileReference; fileEncoding = 4; lastKnownFileType = sourcecode.swift; path = ContactsTableViewCell.swift; sourceTree = "<group>"; };
		843E7D501F35C02000B06413 /* Contacts.swift */ = {isa = PBXFileReference; fileEncoding = 4; lastKnownFileType = sourcecode.swift; path = Contacts.swift; sourceTree = "<group>"; };
		843E7D521F35DA6400B06413 /* ChatViewController.swift */ = {isa = PBXFileReference; fileEncoding = 4; lastKnownFileType = sourcecode.swift; path = ChatViewController.swift; sourceTree = "<group>"; };
		9C30ECCFA52868D3EE285D39 /* Pods-FirebaseChatApp.release.xcconfig */ = {isa = PBXFileReference; includeInIndex = 1; lastKnownFileType = text.xcconfig; name = "Pods-FirebaseChatApp.release.xcconfig"; path = "Pods/Target Support Files/Pods-FirebaseChatApp/Pods-FirebaseChatApp.release.xcconfig"; sourceTree = "<group>"; };
		B8341E0D1B2E72AF57065161 /* Pods-FirebaseChatAppTests.debug.xcconfig */ = {isa = PBXFileReference; includeInIndex = 1; lastKnownFileType = text.xcconfig; name = "Pods-FirebaseChatAppTests.debug.xcconfig"; path = "Pods/Target Support Files/Pods-FirebaseChatAppTests/Pods-FirebaseChatAppTests.debug.xcconfig"; sourceTree = "<group>"; };
/* End PBXFileReference section */

/* Begin PBXFrameworksBuildPhase section */
		840A785E1F33428E00A65AA5 /* Frameworks */ = {
			isa = PBXFrameworksBuildPhase;
			buildActionMask = 2147483647;
			files = (
				50C05F3D1D1BF798CD020FAA /* Pods_FirebaseChatApp.framework in Frameworks */,
			);
			runOnlyForDeploymentPostprocessing = 0;
		};
		840A78721F33428F00A65AA5 /* Frameworks */ = {
			isa = PBXFrameworksBuildPhase;
			buildActionMask = 2147483647;
			files = (
				15938C51C4F43D7E6DAE18F2 /* Pods_FirebaseChatAppTests.framework in Frameworks */,
			);
			runOnlyForDeploymentPostprocessing = 0;
		};
		840A787D1F33428F00A65AA5 /* Frameworks */ = {
			isa = PBXFrameworksBuildPhase;
			buildActionMask = 2147483647;
			files = (
				618395793D1A420A707399BB /* Pods_FirebaseChatAppUITests.framework in Frameworks */,
			);
			runOnlyForDeploymentPostprocessing = 0;
		};
/* End PBXFrameworksBuildPhase section */

/* Begin PBXGroup section */
		5F8F84E6E1C285EDCB8E004E /* Pods */ = {
			isa = PBXGroup;
			children = (
				13427F9B30A34406E86AD0C4 /* Pods-FirebaseChatApp.debug.xcconfig */,
				9C30ECCFA52868D3EE285D39 /* Pods-FirebaseChatApp.release.xcconfig */,
				B8341E0D1B2E72AF57065161 /* Pods-FirebaseChatAppTests.debug.xcconfig */,
				128FB509E61F32CA6E6F70B3 /* Pods-FirebaseChatAppTests.release.xcconfig */,
				2A184E4CC7AB291D08634D54 /* Pods-FirebaseChatAppUITests.debug.xcconfig */,
				3A0673AE09FCA19E8CB0F777 /* Pods-FirebaseChatAppUITests.release.xcconfig */,
			);
			name = Pods;
			sourceTree = "<group>";
		};
		840A78581F33428E00A65AA5 = {
			isa = PBXGroup;
			children = (
				840A78631F33428E00A65AA5 /* FirebaseChatApp */,
				840A78781F33428F00A65AA5 /* FirebaseChatAppTests */,
				840A78831F33428F00A65AA5 /* FirebaseChatAppUITests */,
				840A78621F33428E00A65AA5 /* Products */,
				5F8F84E6E1C285EDCB8E004E /* Pods */,
				944C0BEF44FFAE1260CC8217 /* Frameworks */,
			);
			sourceTree = "<group>";
		};
		840A78621F33428E00A65AA5 /* Products */ = {
			isa = PBXGroup;
			children = (
				840A78611F33428E00A65AA5 /* FirebaseChatApp.app */,
				840A78751F33428F00A65AA5 /* FirebaseChatAppTests.xctest */,
				840A78801F33428F00A65AA5 /* FirebaseChatAppUITests.xctest */,
			);
			name = Products;
			sourceTree = "<group>";
		};
		840A78631F33428E00A65AA5 /* FirebaseChatApp */ = {
			isa = PBXGroup;
			children = (
				840A78641F33428F00A65AA5 /* AppDelegate.swift */,
				840A78681F33428F00A65AA5 /* Main.storyboard */,
				840A786B1F33428F00A65AA5 /* Assets.xcassets */,
				840A786D1F33428F00A65AA5 /* LaunchScreen.storyboard */,
				840A78701F33428F00A65AA5 /* Info.plist */,
				84094A831F347C36003393C5 /* Validator.swift */,
				84094A841F347C36003393C5 /* UnderlinedTextField.swift */,
				840A78921F33473400A65AA5 /* SignInViewController.swift */,
				840A78941F334AEA00A65AA5 /* SignUpViewController.swift */,
				840A78961F334DBE00A65AA5 /* ContactsViewController.swift */,
				84094A811F347B59003393C5 /* GoogleService-Info.plist */,
				843E7D4E1F35C00500B06413 /* ContactsTableViewCell.swift */,
				843E7D501F35C02000B06413 /* Contacts.swift */,
				843E7D521F35DA6400B06413 /* ChatViewController.swift */,
				093C794F1F3F3ACF004B60D6 /* GroupsViewController.swift */,
				093C79511F3F3AEA004B60D6 /* GroupChatViewController.swift */,
				09516D021F4227F100E2DCD6 /* Groups.swift */,
			);
			path = FirebaseChatApp;
			sourceTree = "<group>";
		};
		840A78781F33428F00A65AA5 /* FirebaseChatAppTests */ = {
			isa = PBXGroup;
			children = (
				840A78791F33428F00A65AA5 /* FirebaseChatAppTests.swift */,
				840A787B1F33428F00A65AA5 /* Info.plist */,
			);
			path = FirebaseChatAppTests;
			sourceTree = "<group>";
		};
		840A78831F33428F00A65AA5 /* FirebaseChatAppUITests */ = {
			isa = PBXGroup;
			children = (
				840A78841F33428F00A65AA5 /* FirebaseChatAppUITests.swift */,
				840A78861F33429000A65AA5 /* Info.plist */,
			);
			path = FirebaseChatAppUITests;
			sourceTree = "<group>";
		};
		944C0BEF44FFAE1260CC8217 /* Frameworks */ = {
			isa = PBXGroup;
			children = (
				6400EDCFCFF180EFD940AD91 /* Pods_FirebaseChatApp.framework */,
				46030BAFADFF5CBFAAFE2DD2 /* Pods_FirebaseChatAppTests.framework */,
				0C03B11D171973A273D65E52 /* Pods_FirebaseChatAppUITests.framework */,
			);
			name = Frameworks;
			sourceTree = "<group>";
		};
/* End PBXGroup section */

/* Begin PBXNativeTarget section */
		840A78601F33428E00A65AA5 /* FirebaseChatApp */ = {
			isa = PBXNativeTarget;
			buildConfigurationList = 840A78891F33429000A65AA5 /* Build configuration list for PBXNativeTarget "FirebaseChatApp" */;
			buildPhases = (
				7B494D2DAECC0BAC1368FAFD /* [CP] Check Pods Manifest.lock */,
				840A785D1F33428E00A65AA5 /* Sources */,
				840A785E1F33428E00A65AA5 /* Frameworks */,
				840A785F1F33428E00A65AA5 /* Resources */,
				3CF6330EF16D4826300A0D37 /* [CP] Embed Pods Frameworks */,
				11C02CACCAA6A4B95307217B /* [CP] Copy Pods Resources */,
			);
			buildRules = (
			);
			dependencies = (
			);
			name = FirebaseChatApp;
			productName = FirebaseChatApp;
			productReference = 840A78611F33428E00A65AA5 /* FirebaseChatApp.app */;
			productType = "com.apple.product-type.application";
		};
		840A78741F33428F00A65AA5 /* FirebaseChatAppTests */ = {
			isa = PBXNativeTarget;
			buildConfigurationList = 840A788C1F33429000A65AA5 /* Build configuration list for PBXNativeTarget "FirebaseChatAppTests" */;
			buildPhases = (
				96610237D30A685AD4C503F6 /* [CP] Check Pods Manifest.lock */,
				840A78711F33428F00A65AA5 /* Sources */,
				840A78721F33428F00A65AA5 /* Frameworks */,
				840A78731F33428F00A65AA5 /* Resources */,
				64A12C2D692E78904BD9341E /* [CP] Embed Pods Frameworks */,
				0180B2C7A957B8F3F912AEBE /* [CP] Copy Pods Resources */,
			);
			buildRules = (
			);
			dependencies = (
				840A78771F33428F00A65AA5 /* PBXTargetDependency */,
			);
			name = FirebaseChatAppTests;
			productName = FirebaseChatAppTests;
			productReference = 840A78751F33428F00A65AA5 /* FirebaseChatAppTests.xctest */;
			productType = "com.apple.product-type.bundle.unit-test";
		};
		840A787F1F33428F00A65AA5 /* FirebaseChatAppUITests */ = {
			isa = PBXNativeTarget;
			buildConfigurationList = 840A788F1F33429000A65AA5 /* Build configuration list for PBXNativeTarget "FirebaseChatAppUITests" */;
			buildPhases = (
				4909EBDEF1358A6EA68C5B2B /* [CP] Check Pods Manifest.lock */,
				840A787C1F33428F00A65AA5 /* Sources */,
				840A787D1F33428F00A65AA5 /* Frameworks */,
				840A787E1F33428F00A65AA5 /* Resources */,
				59FFEC34FBCA8B9F1E658549 /* [CP] Embed Pods Frameworks */,
				6A86D10E5AAC421A2DCB4D24 /* [CP] Copy Pods Resources */,
			);
			buildRules = (
			);
			dependencies = (
				840A78821F33428F00A65AA5 /* PBXTargetDependency */,
			);
			name = FirebaseChatAppUITests;
			productName = FirebaseChatAppUITests;
			productReference = 840A78801F33428F00A65AA5 /* FirebaseChatAppUITests.xctest */;
			productType = "com.apple.product-type.bundle.ui-testing";
		};
/* End PBXNativeTarget section */

/* Begin PBXProject section */
		840A78591F33428E00A65AA5 /* Project object */ = {
			isa = PBXProject;
			attributes = {
				LastSwiftUpdateCheck = 0830;
				LastUpgradeCheck = 0830;
				ORGANIZATIONNAME = "\U0010Admin";
				TargetAttributes = {
					840A78601F33428E00A65AA5 = {
						CreatedOnToolsVersion = 8.3.3;
						DevelopmentTeam = SUBZ24DP5B;
						ProvisioningStyle = Automatic;
					};
					840A78741F33428F00A65AA5 = {
						CreatedOnToolsVersion = 8.3.3;
						ProvisioningStyle = Automatic;
						TestTargetID = 840A78601F33428E00A65AA5;
					};
					840A787F1F33428F00A65AA5 = {
						CreatedOnToolsVersion = 8.3.3;
						ProvisioningStyle = Automatic;
						TestTargetID = 840A78601F33428E00A65AA5;
					};
				};
			};
			buildConfigurationList = 840A785C1F33428E00A65AA5 /* Build configuration list for PBXProject "FirebaseChatApp" */;
			compatibilityVersion = "Xcode 3.2";
			developmentRegion = English;
			hasScannedForEncodings = 0;
			knownRegions = (
				en,
				Base,
			);
			mainGroup = 840A78581F33428E00A65AA5;
			productRefGroup = 840A78621F33428E00A65AA5 /* Products */;
			projectDirPath = "";
			projectRoot = "";
			targets = (
				840A78601F33428E00A65AA5 /* FirebaseChatApp */,
				840A78741F33428F00A65AA5 /* FirebaseChatAppTests */,
				840A787F1F33428F00A65AA5 /* FirebaseChatAppUITests */,
			);
		};
/* End PBXProject section */

/* Begin PBXResourcesBuildPhase section */
		840A785F1F33428E00A65AA5 /* Resources */ = {
			isa = PBXResourcesBuildPhase;
			buildActionMask = 2147483647;
			files = (
				840A786F1F33428F00A65AA5 /* LaunchScreen.storyboard in Resources */,
				84094A821F347B59003393C5 /* GoogleService-Info.plist in Resources */,
				840A786C1F33428F00A65AA5 /* Assets.xcassets in Resources */,
				840A786A1F33428F00A65AA5 /* Main.storyboard in Resources */,
			);
			runOnlyForDeploymentPostprocessing = 0;
		};
		840A78731F33428F00A65AA5 /* Resources */ = {
			isa = PBXResourcesBuildPhase;
			buildActionMask = 2147483647;
			files = (
			);
			runOnlyForDeploymentPostprocessing = 0;
		};
		840A787E1F33428F00A65AA5 /* Resources */ = {
			isa = PBXResourcesBuildPhase;
			buildActionMask = 2147483647;
			files = (
			);
			runOnlyForDeploymentPostprocessing = 0;
		};
/* End PBXResourcesBuildPhase section */

/* Begin PBXShellScriptBuildPhase section */
		0180B2C7A957B8F3F912AEBE /* [CP] Copy Pods Resources */ = {
			isa = PBXShellScriptBuildPhase;
			buildActionMask = 2147483647;
			files = (
			);
			inputPaths = (
			);
			name = "[CP] Copy Pods Resources";
			outputPaths = (
			);
			runOnlyForDeploymentPostprocessing = 0;
			shellPath = /bin/sh;
			shellScript = "\"${SRCROOT}/Pods/Target Support Files/Pods-FirebaseChatAppTests/Pods-FirebaseChatAppTests-resources.sh\"\n";
			showEnvVarsInLog = 0;
		};
		11C02CACCAA6A4B95307217B /* [CP] Copy Pods Resources */ = {
			isa = PBXShellScriptBuildPhase;
			buildActionMask = 2147483647;
			files = (
			);
			inputPaths = (
			);
			name = "[CP] Copy Pods Resources";
			outputPaths = (
			);
			runOnlyForDeploymentPostprocessing = 0;
			shellPath = /bin/sh;
			shellScript = "\"${SRCROOT}/Pods/Target Support Files/Pods-FirebaseChatApp/Pods-FirebaseChatApp-resources.sh\"\n";
			showEnvVarsInLog = 0;
		};
		3CF6330EF16D4826300A0D37 /* [CP] Embed Pods Frameworks */ = {
			isa = PBXShellScriptBuildPhase;
			buildActionMask = 2147483647;
			files = (
			);
			inputPaths = (
			);
			name = "[CP] Embed Pods Frameworks";
			outputPaths = (
			);
			runOnlyForDeploymentPostprocessing = 0;
			shellPath = /bin/sh;
			shellScript = "\"${SRCROOT}/Pods/Target Support Files/Pods-FirebaseChatApp/Pods-FirebaseChatApp-frameworks.sh\"\n";
			showEnvVarsInLog = 0;
		};
		4909EBDEF1358A6EA68C5B2B /* [CP] Check Pods Manifest.lock */ = {
			isa = PBXShellScriptBuildPhase;
			buildActionMask = 2147483647;
			files = (
			);
			inputPaths = (
			);
			name = "[CP] Check Pods Manifest.lock";
			outputPaths = (
			);
			runOnlyForDeploymentPostprocessing = 0;
			shellPath = /bin/sh;
			shellScript = "diff \"${PODS_PODFILE_DIR_PATH}/Podfile.lock\" \"${PODS_ROOT}/Manifest.lock\" > /dev/null\nif [ $? != 0 ] ; then\n    # print error to STDERR\n    echo \"error: The sandbox is not in sync with the Podfile.lock. Run 'pod install' or update your CocoaPods installation.\" >&2\n    exit 1\nfi\n";
			showEnvVarsInLog = 0;
		};
		59FFEC34FBCA8B9F1E658549 /* [CP] Embed Pods Frameworks */ = {
			isa = PBXShellScriptBuildPhase;
			buildActionMask = 2147483647;
			files = (
			);
			inputPaths = (
			);
			name = "[CP] Embed Pods Frameworks";
			outputPaths = (
			);
			runOnlyForDeploymentPostprocessing = 0;
			shellPath = /bin/sh;
			shellScript = "\"${SRCROOT}/Pods/Target Support Files/Pods-FirebaseChatAppUITests/Pods-FirebaseChatAppUITests-frameworks.sh\"\n";
			showEnvVarsInLog = 0;
		};
		64A12C2D692E78904BD9341E /* [CP] Embed Pods Frameworks */ = {
			isa = PBXShellScriptBuildPhase;
			buildActionMask = 2147483647;
			files = (
			);
			inputPaths = (
			);
			name = "[CP] Embed Pods Frameworks";
			outputPaths = (
			);
			runOnlyForDeploymentPostprocessing = 0;
			shellPath = /bin/sh;
			shellScript = "\"${SRCROOT}/Pods/Target Support Files/Pods-FirebaseChatAppTests/Pods-FirebaseChatAppTests-frameworks.sh\"\n";
			showEnvVarsInLog = 0;
		};
		6A86D10E5AAC421A2DCB4D24 /* [CP] Copy Pods Resources */ = {
			isa = PBXShellScriptBuildPhase;
			buildActionMask = 2147483647;
			files = (
			);
			inputPaths = (
			);
			name = "[CP] Copy Pods Resources";
			outputPaths = (
			);
			runOnlyForDeploymentPostprocessing = 0;
			shellPath = /bin/sh;
			shellScript = "\"${SRCROOT}/Pods/Target Support Files/Pods-FirebaseChatAppUITests/Pods-FirebaseChatAppUITests-resources.sh\"\n";
			showEnvVarsInLog = 0;
		};
		7B494D2DAECC0BAC1368FAFD /* [CP] Check Pods Manifest.lock */ = {
			isa = PBXShellScriptBuildPhase;
			buildActionMask = 2147483647;
			files = (
			);
			inputPaths = (
			);
			name = "[CP] Check Pods Manifest.lock";
			outputPaths = (
			);
			runOnlyForDeploymentPostprocessing = 0;
			shellPath = /bin/sh;
			shellScript = "diff \"${PODS_PODFILE_DIR_PATH}/Podfile.lock\" \"${PODS_ROOT}/Manifest.lock\" > /dev/null\nif [ $? != 0 ] ; then\n    # print error to STDERR\n    echo \"error: The sandbox is not in sync with the Podfile.lock. Run 'pod install' or update your CocoaPods installation.\" >&2\n    exit 1\nfi\n";
			showEnvVarsInLog = 0;
		};
		96610237D30A685AD4C503F6 /* [CP] Check Pods Manifest.lock */ = {
			isa = PBXShellScriptBuildPhase;
			buildActionMask = 2147483647;
			files = (
			);
			inputPaths = (
			);
			name = "[CP] Check Pods Manifest.lock";
			outputPaths = (
			);
			runOnlyForDeploymentPostprocessing = 0;
			shellPath = /bin/sh;
			shellScript = "diff \"${PODS_PODFILE_DIR_PATH}/Podfile.lock\" \"${PODS_ROOT}/Manifest.lock\" > /dev/null\nif [ $? != 0 ] ; then\n    # print error to STDERR\n    echo \"error: The sandbox is not in sync with the Podfile.lock. Run 'pod install' or update your CocoaPods installation.\" >&2\n    exit 1\nfi\n";
			showEnvVarsInLog = 0;
		};
/* End PBXShellScriptBuildPhase section */

/* Begin PBXSourcesBuildPhase section */
		840A785D1F33428E00A65AA5 /* Sources */ = {
			isa = PBXSourcesBuildPhase;
			buildActionMask = 2147483647;
			files = (
				843E7D511F35C02000B06413 /* Contacts.swift in Sources */,
				843E7D4F1F35C00500B06413 /* ContactsTableViewCell.swift in Sources */,
				840A78951F334AEA00A65AA5 /* SignUpViewController.swift in Sources */,
				84094A861F347C36003393C5 /* UnderlinedTextField.swift in Sources */,
				093C79501F3F3ACF004B60D6 /* GroupsViewController.swift in Sources */,
				840A78971F334DBE00A65AA5 /* ContactsViewController.swift in Sources */,
				84094A851F347C36003393C5 /* Validator.swift in Sources */,
				840A78931F33473400A65AA5 /* SignInViewController.swift in Sources */,
				843E7D531F35DA6400B06413 /* ChatViewController.swift in Sources */,
				840A78651F33428F00A65AA5 /* AppDelegate.swift in Sources */,
				093C79521F3F3AEA004B60D6 /* GroupChatViewController.swift in Sources */,
				09516D031F4227F100E2DCD6 /* Groups.swift in Sources */,
			);
			runOnlyForDeploymentPostprocessing = 0;
		};
		840A78711F33428F00A65AA5 /* Sources */ = {
			isa = PBXSourcesBuildPhase;
			buildActionMask = 2147483647;
			files = (
				840A787A1F33428F00A65AA5 /* FirebaseChatAppTests.swift in Sources */,
			);
			runOnlyForDeploymentPostprocessing = 0;
		};
		840A787C1F33428F00A65AA5 /* Sources */ = {
			isa = PBXSourcesBuildPhase;
			buildActionMask = 2147483647;
			files = (
				840A78851F33428F00A65AA5 /* FirebaseChatAppUITests.swift in Sources */,
			);
			runOnlyForDeploymentPostprocessing = 0;
		};
/* End PBXSourcesBuildPhase section */

/* Begin PBXTargetDependency section */
		840A78771F33428F00A65AA5 /* PBXTargetDependency */ = {
			isa = PBXTargetDependency;
			target = 840A78601F33428E00A65AA5 /* FirebaseChatApp */;
			targetProxy = 840A78761F33428F00A65AA5 /* PBXContainerItemProxy */;
		};
		840A78821F33428F00A65AA5 /* PBXTargetDependency */ = {
			isa = PBXTargetDependency;
			target = 840A78601F33428E00A65AA5 /* FirebaseChatApp */;
			targetProxy = 840A78811F33428F00A65AA5 /* PBXContainerItemProxy */;
		};
/* End PBXTargetDependency section */

/* Begin PBXVariantGroup section */
		840A78681F33428F00A65AA5 /* Main.storyboard */ = {
			isa = PBXVariantGroup;
			children = (
				840A78691F33428F00A65AA5 /* Base */,
			);
			name = Main.storyboard;
			sourceTree = "<group>";
		};
		840A786D1F33428F00A65AA5 /* LaunchScreen.storyboard */ = {
			isa = PBXVariantGroup;
			children = (
				840A786E1F33428F00A65AA5 /* Base */,
			);
			name = LaunchScreen.storyboard;
			sourceTree = "<group>";
		};
/* End PBXVariantGroup section */

/* Begin XCBuildConfiguration section */
		840A78871F33429000A65AA5 /* Debug */ = {
			isa = XCBuildConfiguration;
			buildSettings = {
				ALWAYS_SEARCH_USER_PATHS = NO;
				CLANG_ANALYZER_NONNULL = YES;
				CLANG_ANALYZER_NUMBER_OBJECT_CONVERSION = YES_AGGRESSIVE;
				CLANG_CXX_LANGUAGE_STANDARD = "gnu++0x";
				CLANG_CXX_LIBRARY = "libc++";
				CLANG_ENABLE_MODULES = YES;
				CLANG_ENABLE_OBJC_ARC = YES;
				CLANG_WARN_BOOL_CONVERSION = YES;
				CLANG_WARN_CONSTANT_CONVERSION = YES;
				CLANG_WARN_DIRECT_OBJC_ISA_USAGE = YES_ERROR;
				CLANG_WARN_DOCUMENTATION_COMMENTS = YES;
				CLANG_WARN_EMPTY_BODY = YES;
				CLANG_WARN_ENUM_CONVERSION = YES;
				CLANG_WARN_INFINITE_RECURSION = YES;
				CLANG_WARN_INT_CONVERSION = YES;
				CLANG_WARN_OBJC_ROOT_CLASS = YES_ERROR;
				CLANG_WARN_SUSPICIOUS_MOVE = YES;
				CLANG_WARN_UNREACHABLE_CODE = YES;
				CLANG_WARN__DUPLICATE_METHOD_MATCH = YES;
				"CODE_SIGN_IDENTITY[sdk=iphoneos*]" = "iPhone Developer";
				COPY_PHASE_STRIP = NO;
				DEBUG_INFORMATION_FORMAT = dwarf;
				ENABLE_STRICT_OBJC_MSGSEND = YES;
				ENABLE_TESTABILITY = YES;
				GCC_C_LANGUAGE_STANDARD = gnu99;
				GCC_DYNAMIC_NO_PIC = NO;
				GCC_NO_COMMON_BLOCKS = YES;
				GCC_OPTIMIZATION_LEVEL = 0;
				GCC_PREPROCESSOR_DEFINITIONS = (
					"DEBUG=1",
					"$(inherited)",
				);
				GCC_WARN_64_TO_32_BIT_CONVERSION = YES;
				GCC_WARN_ABOUT_RETURN_TYPE = YES_ERROR;
				GCC_WARN_UNDECLARED_SELECTOR = YES;
				GCC_WARN_UNINITIALIZED_AUTOS = YES_AGGRESSIVE;
				GCC_WARN_UNUSED_FUNCTION = YES;
				GCC_WARN_UNUSED_VARIABLE = YES;
				IPHONEOS_DEPLOYMENT_TARGET = 10.3;
				MTL_ENABLE_DEBUG_INFO = YES;
				ONLY_ACTIVE_ARCH = YES;
				SDKROOT = iphoneos;
				SWIFT_ACTIVE_COMPILATION_CONDITIONS = DEBUG;
				SWIFT_OPTIMIZATION_LEVEL = "-Onone";
				TARGETED_DEVICE_FAMILY = "1,2";
			};
			name = Debug;
		};
		840A78881F33429000A65AA5 /* Release */ = {
			isa = XCBuildConfiguration;
			buildSettings = {
				ALWAYS_SEARCH_USER_PATHS = NO;
				CLANG_ANALYZER_NONNULL = YES;
				CLANG_ANALYZER_NUMBER_OBJECT_CONVERSION = YES_AGGRESSIVE;
				CLANG_CXX_LANGUAGE_STANDARD = "gnu++0x";
				CLANG_CXX_LIBRARY = "libc++";
				CLANG_ENABLE_MODULES = YES;
				CLANG_ENABLE_OBJC_ARC = YES;
				CLANG_WARN_BOOL_CONVERSION = YES;
				CLANG_WARN_CONSTANT_CONVERSION = YES;
				CLANG_WARN_DIRECT_OBJC_ISA_USAGE = YES_ERROR;
				CLANG_WARN_DOCUMENTATION_COMMENTS = YES;
				CLANG_WARN_EMPTY_BODY = YES;
				CLANG_WARN_ENUM_CONVERSION = YES;
				CLANG_WARN_INFINITE_RECURSION = YES;
				CLANG_WARN_INT_CONVERSION = YES;
				CLANG_WARN_OBJC_ROOT_CLASS = YES_ERROR;
				CLANG_WARN_SUSPICIOUS_MOVE = YES;
				CLANG_WARN_UNREACHABLE_CODE = YES;
				CLANG_WARN__DUPLICATE_METHOD_MATCH = YES;
				"CODE_SIGN_IDENTITY[sdk=iphoneos*]" = "iPhone Developer";
				COPY_PHASE_STRIP = NO;
				DEBUG_INFORMATION_FORMAT = "dwarf-with-dsym";
				ENABLE_NS_ASSERTIONS = NO;
				ENABLE_STRICT_OBJC_MSGSEND = YES;
				GCC_C_LANGUAGE_STANDARD = gnu99;
				GCC_NO_COMMON_BLOCKS = YES;
				GCC_WARN_64_TO_32_BIT_CONVERSION = YES;
				GCC_WARN_ABOUT_RETURN_TYPE = YES_ERROR;
				GCC_WARN_UNDECLARED_SELECTOR = YES;
				GCC_WARN_UNINITIALIZED_AUTOS = YES_AGGRESSIVE;
				GCC_WARN_UNUSED_FUNCTION = YES;
				GCC_WARN_UNUSED_VARIABLE = YES;
				IPHONEOS_DEPLOYMENT_TARGET = 10.3;
				MTL_ENABLE_DEBUG_INFO = NO;
				SDKROOT = iphoneos;
				SWIFT_OPTIMIZATION_LEVEL = "-Owholemodule";
				TARGETED_DEVICE_FAMILY = "1,2";
				VALIDATE_PRODUCT = YES;
			};
			name = Release;
		};
		840A788A1F33429000A65AA5 /* Debug */ = {
			isa = XCBuildConfiguration;
			baseConfigurationReference = 13427F9B30A34406E86AD0C4 /* Pods-FirebaseChatApp.debug.xcconfig */;
			buildSettings = {
				ASSETCATALOG_COMPILER_APPICON_NAME = AppIcon;
				DEVELOPMENT_TEAM = SUBZ24DP5B;
				INFOPLIST_FILE = FirebaseChatApp/Info.plist;
				IPHONEOS_DEPLOYMENT_TARGET = 10.2;
				LD_RUNPATH_SEARCH_PATHS = "$(inherited) @executable_path/Frameworks";
				PRODUCT_BUNDLE_IDENTIFIER = com.lakhani.FirebaseChatApp;
				PRODUCT_NAME = "$(TARGET_NAME)";
				SWIFT_VERSION = 3.0;
			};
			name = Debug;
		};
		840A788B1F33429000A65AA5 /* Release */ = {
			isa = XCBuildConfiguration;
			baseConfigurationReference = 9C30ECCFA52868D3EE285D39 /* Pods-FirebaseChatApp.release.xcconfig */;
			buildSettings = {
				ASSETCATALOG_COMPILER_APPICON_NAME = AppIcon;
				DEVELOPMENT_TEAM = SUBZ24DP5B;
				INFOPLIST_FILE = FirebaseChatApp/Info.plist;
				IPHONEOS_DEPLOYMENT_TARGET = 10.2;
				LD_RUNPATH_SEARCH_PATHS = "$(inherited) @executable_path/Frameworks";
				PRODUCT_BUNDLE_IDENTIFIER = com.lakhani.FirebaseChatApp;
				PRODUCT_NAME = "$(TARGET_NAME)";
				SWIFT_VERSION = 3.0;
			};
			name = Release;
		};
		840A788D1F33429000A65AA5 /* Debug */ = {
			isa = XCBuildConfiguration;
			baseConfigurationReference = B8341E0D1B2E72AF57065161 /* Pods-FirebaseChatAppTests.debug.xcconfig */;
			buildSettings = {
				ALWAYS_EMBED_SWIFT_STANDARD_LIBRARIES = YES;
				BUNDLE_LOADER = "$(TEST_HOST)";
				INFOPLIST_FILE = FirebaseChatAppTests/Info.plist;
				LD_RUNPATH_SEARCH_PATHS = "$(inherited) @executable_path/Frameworks @loader_path/Frameworks";
				PRODUCT_BUNDLE_IDENTIFIER = com.lakhani.FirebaseChatAppTests;
				PRODUCT_NAME = "$(TARGET_NAME)";
				SWIFT_VERSION = 3.0;
				TEST_HOST = "$(BUILT_PRODUCTS_DIR)/FirebaseChatApp.app/FirebaseChatApp";
			};
			name = Debug;
		};
		840A788E1F33429000A65AA5 /* Release */ = {
			isa = XCBuildConfiguration;
			baseConfigurationReference = 128FB509E61F32CA6E6F70B3 /* Pods-FirebaseChatAppTests.release.xcconfig */;
			buildSettings = {
				ALWAYS_EMBED_SWIFT_STANDARD_LIBRARIES = YES;
				BUNDLE_LOADER = "$(TEST_HOST)";
				INFOPLIST_FILE = FirebaseChatAppTests/Info.plist;
				LD_RUNPATH_SEARCH_PATHS = "$(inherited) @executable_path/Frameworks @loader_path/Frameworks";
				PRODUCT_BUNDLE_IDENTIFIER = com.lakhani.FirebaseChatAppTests;
				PRODUCT_NAME = "$(TARGET_NAME)";
				SWIFT_VERSION = 3.0;
				TEST_HOST = "$(BUILT_PRODUCTS_DIR)/FirebaseChatApp.app/FirebaseChatApp";
			};
			name = Release;
		};
		840A78901F33429000A65AA5 /* Debug */ = {
			isa = XCBuildConfiguration;
			baseConfigurationReference = 2A184E4CC7AB291D08634D54 /* Pods-FirebaseChatAppUITests.debug.xcconfig */;
			buildSettings = {
				ALWAYS_EMBED_SWIFT_STANDARD_LIBRARIES = YES;
				INFOPLIST_FILE = FirebaseChatAppUITests/Info.plist;
				LD_RUNPATH_SEARCH_PATHS = "$(inherited) @executable_path/Frameworks @loader_path/Frameworks";
				PRODUCT_BUNDLE_IDENTIFIER = com.lakhani.FirebaseChatAppUITests;
				PRODUCT_NAME = "$(TARGET_NAME)";
				SWIFT_VERSION = 3.0;
				TEST_TARGET_NAME = FirebaseChatApp;
			};
			name = Debug;
		};
		840A78911F33429000A65AA5 /* Release */ = {
			isa = XCBuildConfiguration;
			baseConfigurationReference = 3A0673AE09FCA19E8CB0F777 /* Pods-FirebaseChatAppUITests.release.xcconfig */;
			buildSettings = {
				ALWAYS_EMBED_SWIFT_STANDARD_LIBRARIES = YES;
				INFOPLIST_FILE = FirebaseChatAppUITests/Info.plist;
				LD_RUNPATH_SEARCH_PATHS = "$(inherited) @executable_path/Frameworks @loader_path/Frameworks";
				PRODUCT_BUNDLE_IDENTIFIER = com.lakhani.FirebaseChatAppUITests;
				PRODUCT_NAME = "$(TARGET_NAME)";
				SWIFT_VERSION = 3.0;
				TEST_TARGET_NAME = FirebaseChatApp;
			};
			name = Release;
		};
/* End XCBuildConfiguration section */

/* Begin XCConfigurationList section */
		840A785C1F33428E00A65AA5 /* Build configuration list for PBXProject "FirebaseChatApp" */ = {
			isa = XCConfigurationList;
			buildConfigurations = (
				840A78871F33429000A65AA5 /* Debug */,
				840A78881F33429000A65AA5 /* Release */,
			);
			defaultConfigurationIsVisible = 0;
			defaultConfigurationName = Release;
		};
		840A78891F33429000A65AA5 /* Build configuration list for PBXNativeTarget "FirebaseChatApp" */ = {
			isa = XCConfigurationList;
			buildConfigurations = (
				840A788A1F33429000A65AA5 /* Debug */,
				840A788B1F33429000A65AA5 /* Release */,
			);
			defaultConfigurationIsVisible = 0;
			defaultConfigurationName = Release;
		};
		840A788C1F33429000A65AA5 /* Build configuration list for PBXNativeTarget "FirebaseChatAppTests" */ = {
			isa = XCConfigurationList;
			buildConfigurations = (
				840A788D1F33429000A65AA5 /* Debug */,
				840A788E1F33429000A65AA5 /* Release */,
			);
			defaultConfigurationIsVisible = 0;
			defaultConfigurationName = Release;
		};
		840A788F1F33429000A65AA5 /* Build configuration list for PBXNativeTarget "FirebaseChatAppUITests" */ = {
			isa = XCConfigurationList;
			buildConfigurations = (
				840A78901F33429000A65AA5 /* Debug */,
				840A78911F33429000A65AA5 /* Release */,
			);
			defaultConfigurationIsVisible = 0;
			defaultConfigurationName = Release;
		};
/* End XCConfigurationList section */
	};
	rootObject = 840A78591F33428E00A65AA5 /* Project object */;
}
